{
  "name": "traditional-date-formatters",
  "version": "1.0.0",
  "lockfileVersion": 3,
  "requires": true,
  "packages": {
    "": {
      "name": "traditional-date-formatters",
      "version": "1.0.0",
      "license": "MIT",
      "workspaces": [
        "packages/*"
      ]
    },
    "node_modules/@traditional-date-formatters/chinese": {
      "resolved": "packages/chinese",
      "link": true
    },
    "node_modules/@traditional-date-formatters/ethiopian": {
      "resolved": "packages/ethiopian",
      "link": true
    },
    "node_modules/@traditional-date-formatters/nepali": {
      "resolved": "packages/nepali",
      "link": true
    },
    "node_modules/@traditional-date-formatters/persian": {
      "resolved": "packages/persian",
      "link": true
    },
    "node_modules/@traditional-date-formatters/sinhala": {
      "resolved": "packages/sinhala",
      "link": true
    },
    "packages/chinese": {
      "name": "@traditional-date-formatters/chinese",
      "version": "0.1.0",
      "license": "MIT"
    },
    "packages/ethiopian": {
      "name": "@traditional-date-formatters/ethiopian",
      "version": "0.1.0",
      "license": "MIT"
    },
    "packages/nepali": {
      "name": "@traditional-date-formatters/nepali",
      "version": "0.1.0",
      "license": "MIT"
    },
    "packages/persian": {
      "name": "@traditional-date-formatters/persian",
      "version": "0.1.0",
      "license": "MIT"
    },
    "packages/sinhala": {
      "name": "@traditional-date-formatters/sinhala",
      "version": "0.1.0",
      "license": "MIT"
    }
  }
}
